# THIS IS AN AUTOGENERATED FILE. DO NOT EDIT THIS FILE DIRECTLY.
# yarn lockfile v1


"@angular/common@^17":
  version "17.0.9"
  resolved "https://registry.yarnpkg.com/@angular/common/-/common-17.0.9.tgz#f8b591b3db8ff8eb188f38110d7d7f3c27853f90"
  integrity sha512-xNS7DDfvFqfLr6xeZNJ+jORuGXP6hhv2HsYD3jb6ZQ8+QuMg+3MDij4a0L5npn72gH/Zz4JRKZ3Bt4Cq6cUqUA==
  dependencies:
    tslib "^2.3.0"

"@angular/core@^17":
  version "17.0.9"
  resolved "https://registry.yarnpkg.com/@angular/core/-/core-17.0.9.tgz#407f8ee879af777f092f64886fc7b82ccf6e8b80"
  integrity sha512-LtDWzyx19XNmAjXju9xjw//rDZPUFu2bllHqzS6NVO1bE4PwJHIs0zfvygh0j46ubKp1gUICNk3jvYK9FMVinA==
  dependencies:
    tslib "^2.3.0"

"@uirouter/angular@*":
  version "12.0.0"
  resolved "https://registry.yarnpkg.com/@uirouter/angular/-/angular-12.0.0.tgz#659e9bf9305658ce9a30c1d9da6a2762269974c8"
  integrity sha512-UTJ2lyiZowD0xLAWbfEMA7jZpgFZQYFml/53mqY8vNPc7D7/5dHBaUu+Kx+Xmm3fmy+K1c9HSKA2eZQS4AqmDA==
  dependencies:
    tslib "^2.3.0"

rxjs@~7.8.0:
  version "7.8.1"
  resolved "https://registry.yarnpkg.com/rxjs/-/rxjs-7.8.1.tgz#6f6f3d99ea8044291efd92e7c7fcf562c4057543"
  integrity sha512-AA3TVj+0A2iuIoQkWEK/tqFjBq2j+6PO6Y0zJcvzLAFhEFIO3HL0vls9hWLncZbAAbK0mar7oZ4V079I/qPMxg==
  dependencies:
    tslib "^2.1.0"

tslib@^2.1.0, tslib@^2.3.0:
  version "2.6.2"
  resolved "https://registry.yarnpkg.com/tslib/-/tslib-2.6.2.tgz#703ac29425e7b37cd6fd456e92404d46d1f3e4ae"
  integrity sha512-AEYxH93jGFPn/a2iVAwW87VuUIkR1FVUKB77NwMF7nBTDkDrrT/Hpt/IrCJ0QXhW27jTBDcf5ZY7w6RiqTMw2Q==

typescript@5.2.2:
  version "5.2.2"
  resolved "https://registry.yarnpkg.com/typescript/-/typescript-5.2.2.tgz#5ebb5e5a5b75f085f22bc3f8460fba308310fa78"
  integrity sha512-mI4WrpHsbCIcwT9cF4FZvr80QUeKvsUsUvKDoR+X/7XHQH98xYD8YHZg7ANtz2GtZt/CBq2QJ0thkGJMHfqc1w==
