# THIS IS AN AUTOGENERATED FILE. DO NOT EDIT THIS FILE DIRECTLY.
# yarn lockfile v1


"@angular/common@^12":
  version "12.2.17"
  resolved "https://registry.yarnpkg.com/@angular/common/-/common-12.2.17.tgz#d07bde7f7f05b2e9fcac95c7087e2581960eedcb"
  integrity sha512-/Rc83mzlL6YZScYTzg+Ng2hiCSf3jUVHAfQ8cyLOIMj/y8863Q+DMLVWW+ttvHwCjEFY44pC8IPyBl5FmSJYHg==
  dependencies:
    tslib "^2.2.0"

"@angular/core@^12":
  version "12.2.17"
  resolved "https://registry.yarnpkg.com/@angular/core/-/core-12.2.17.tgz#15c70a46de66f3d9500b2dc8e233f30328e83ad0"
  integrity sha512-XUvTgU0D8XqNH5Y7UlTMk/XjUQaEGC0kZxhw/QSSQr65WrXtXmcD4d8Cg84TJ52uGXmf7IAruKvtbvu1Mbmvug==
  dependencies:
    tslib "^2.2.0"

"@uirouter/angular@latest":
  version "12.0.0"
  resolved "https://registry.yarnpkg.com/@uirouter/angular/-/angular-12.0.0.tgz#659e9bf9305658ce9a30c1d9da6a2762269974c8"
  integrity sha512-UTJ2lyiZowD0xLAWbfEMA7jZpgFZQYFml/53mqY8vNPc7D7/5dHBaUu+Kx+Xmm3fmy+K1c9HSKA2eZQS4AqmDA==
  dependencies:
    tslib "^2.3.0"

rxjs@^6.0.0:
  version "6.6.7"
  resolved "https://registry.yarnpkg.com/rxjs/-/rxjs-6.6.7.tgz#90ac018acabf491bf65044235d5863c4dab804c9"
  integrity sha512-hTdwr+7yYNIT5n4AMYp85KA6yw2Va0FLa3Rguvbpa4W3I5xynaBZo41cM3XM+4Q6fRMj3sBYIR1VAmZMXYJvRQ==
  dependencies:
    tslib "^1.9.0"

tslib@^1.9.0:
  version "1.14.1"
  resolved "https://registry.yarnpkg.com/tslib/-/tslib-1.14.1.tgz#cf2d38bdc34a134bcaf1091c41f6619e2f672d00"
  integrity sha512-Xni35NKzjgMrwevysHTCArtLDpPvye8zV/0E4EyYn43P7/7qvQwPh9BGkHewbMulVntbigmcT7rdX3BNo9wRJg==

tslib@^2.2.0, tslib@^2.3.0:
  version "2.6.2"
  resolved "https://registry.yarnpkg.com/tslib/-/tslib-2.6.2.tgz#703ac29425e7b37cd6fd456e92404d46d1f3e4ae"
  integrity sha512-AEYxH93jGFPn/a2iVAwW87VuUIkR1FVUKB77NwMF7nBTDkDrrT/Hpt/IrCJ0QXhW27jTBDcf5ZY7w6RiqTMw2Q==

typescript@5.2:
  version "5.2.2"
  resolved "https://registry.yarnpkg.com/typescript/-/typescript-5.2.2.tgz#5ebb5e5a5b75f085f22bc3f8460fba308310fa78"
  integrity sha512-mI4WrpHsbCIcwT9cF4FZvr80QUeKvsUsUvKDoR+X/7XHQH98xYD8YHZg7ANtz2GtZt/CBq2QJ0thkGJMHfqc1w==
