# THIS IS AN AUTOGENERATED FILE. DO NOT EDIT THIS FILE DIRECTLY.
# yarn lockfile v1


"@angular/common@^18":
  version "18.0.6"
  resolved "https://registry.yarnpkg.com/@angular/common/-/common-18.0.6.tgz#c451b390a59e0b7ac35ab9f064902a730dbdc667"
  integrity sha512-ARwNte/POelohW6DaNJQ56rZbEJMCvGSdhvaJNpJ0UlFxvKmK+6QmAcgLb5WwNoCqQcjtjUKavekhfNlpg5NBg==
  dependencies:
    tslib "^2.3.0"

"@angular/core@^18":
  version "18.0.6"
  resolved "https://registry.yarnpkg.com/@angular/core/-/core-18.0.6.tgz#adfcf0f4c946ca00b9ca10af13375aba68cb581a"
  integrity sha512-a5ucQqCNI/6MzJl+r+NGvPqR/z44aVB1WttmZ/AbKIh2VIkEFp9VqOg+0HQnEItoMI8BnRbrsYHGp+D5Mtw8Jg==
  dependencies:
    tslib "^2.3.0"

"@uirouter/angular@*":
  version "13.0.0"
  resolved "https://registry.yarnpkg.com/@uirouter/angular/-/angular-13.0.0.tgz#cc32208e65e5d96c074f699e72615c3b4f03256b"
  integrity sha512-T2aizSXzW+7eiXUmc0LiLH+I8ZBJvDr7OQmm/5WCcxVL2NfuIse7B1kpvfdh9PmBAqw8AY7S0NhrJgABfFJUnw==
  dependencies:
    tslib "^2.3.0"

"@uirouter/core@*":
  version "6.1.0"
  resolved "https://registry.yarnpkg.com/@uirouter/core/-/core-6.1.0.tgz#ca90ae476c85805e7d70add461e91738ae383bd5"
  integrity sha512-WFYh5NPAqRX4L2qlI4k62tgR6pxoqOBSW1CM1uBWCau4mAmgasYd5etJ9RoSJrSnCpCQ2km2Jltf0n5ql684MQ==

"@uirouter/rx@*":
  version "1.0.0"
  resolved "https://registry.yarnpkg.com/@uirouter/rx/-/rx-1.0.0.tgz#0f12851e42448fc3b07eed777bcc0e29445a8842"
  integrity sha512-dqPmLFC+qqF6RIdJVKktXSON6WILy2oyLhADDk74F3GAUZ/VvOu3QSPLDtZEP3LMSo6vkGQvwcUdjgNVWL3YJA==

rxjs@~7.8.0:
  version "7.8.1"
  resolved "https://registry.yarnpkg.com/rxjs/-/rxjs-7.8.1.tgz#6f6f3d99ea8044291efd92e7c7fcf562c4057543"
  integrity sha512-AA3TVj+0A2iuIoQkWEK/tqFjBq2j+6PO6Y0zJcvzLAFhEFIO3HL0vls9hWLncZbAAbK0mar7oZ4V079I/qPMxg==
  dependencies:
    tslib "^2.1.0"

tslib@^2.1.0, tslib@^2.3.0:
  version "2.6.3"
  resolved "https://registry.yarnpkg.com/tslib/-/tslib-2.6.3.tgz#0438f810ad7a9edcde7a241c3d80db693c8cbfe0"
  integrity sha512-xNvxJEOUiWPGhUuUdQgAJPKOOJfGnIyKySOc09XkKsgdUV/3E2zvwZYdejjmRgPCgcym1juLH3226yA7sEFJKQ==

typescript@5.4.5:
  version "5.4.5"
  resolved "https://registry.yarnpkg.com/typescript/-/typescript-5.4.5.tgz#42ccef2c571fdbd0f6718b1d1f5e6e5ef006f611"
  integrity sha512-vcI4UpRgg81oIRUFwR0WSIHKt11nJ7SAVlYNIu+QpqeyXP+gpQJy/Z4+F0aGxSE4MqwjyXvW/TzgkLAx2AGHwQ==

zone.js@~0.14.2:
  version "0.14.7"
  resolved "https://registry.yarnpkg.com/zone.js/-/zone.js-0.14.7.tgz#4a9a70599109663b1921165663bbac521995eef3"
  integrity sha512-0w6DGkX2BPuiK/NLf+4A8FLE43QwBfuqz2dVgi/40Rj1WmqUskCqj329O/pwrqFJLG5X8wkeG2RhIAro441xtg==
