# THIS IS AN AUTOGENERATED FILE. DO NOT EDIT THIS FILE DIRECTLY.
# yarn lockfile v1


"@angular/common@^20.1.6":
  version "20.1.6"
  resolved "https://registry.yarnpkg.com/@angular/common/-/common-20.1.6.tgz#4263607cc53c8f25d66954e8cdac371ad8a365d5"
  integrity sha512-VwV6u5y5NQg5u+Z5A50MCJNpxseny9Rv+csZe9zckH0ylqy9tLowbG6L7jrts36Ze2lwqRag0b+wB0TgrvaT0w==
  dependencies:
    tslib "^2.3.0"

"@angular/core@^20.1.6":
  version "20.1.6"
  resolved "https://registry.yarnpkg.com/@angular/core/-/core-20.1.6.tgz#d3bc4d237d408532e4f41e9ab36f62d2ec3b3a49"
  integrity sha512-Nz62f9FNcvjOxUivi50YtmEfSdrS7xqpPDoN/jwLkT5VmFfIUFF77sabTF5KTWHCDbp420e2UON6uEblfiRfaw==
  dependencies:
    tslib "^2.3.0"

"@uirouter/angular@latest":
  version "15.0.0"
  resolved "https://registry.yarnpkg.com/@uirouter/angular/-/angular-15.0.0.tgz#fe571b3a5ade9777b8c37d31adfde39b5c959147"
  integrity sha512-iE6DOCeqw+vDa8aD+4epTf8qXkrLf9wMqGTZn/B6v9NTif9tAXFMlDpH3wrRV0MBC18dFuB7TglSeIYm6G8sJA==
  dependencies:
    tslib "^2.3.0"

rxjs@^7.8.2:
  version "7.8.2"
  resolved "https://registry.yarnpkg.com/rxjs/-/rxjs-7.8.2.tgz#955bc473ed8af11a002a2be52071bf475638607b"
  integrity sha512-dhKf903U/PQZY6boNNtAGdWbG85WAbjT/1xYoZIC7FAY0yWapOBQVsVrDl58W86//e1VpMNBtRV4MaXfdMySFA==
  dependencies:
    tslib "^2.1.0"

tslib@^2.1.0, tslib@^2.3.0:
  version "2.8.1"
  resolved "https://registry.yarnpkg.com/tslib/-/tslib-2.8.1.tgz#612efe4ed235d567e8aba5f2a5fab70280ade83f"
  integrity sha512-oJFu94HQb+KVduSUQL7wnpmqnfmLsOA/nAh6b6EH0wCEoK0/mPeXU6c3wKDV83MkOuHPRHtSXKKU99IBazS/2w==

typescript@5.8.3:
  version "5.8.3"
  resolved "https://registry.yarnpkg.com/typescript/-/typescript-5.8.3.tgz#92f8a3e5e3cf497356f4178c34cd65a7f5e8440e"
  integrity sha512-p1diW6TqL9L07nNxvRMM7hMMw4c5XOo/1ibL4aAIGmSAt9slTE1Xgw5KWuof2uTOvCg9BY7ZRi+GaF+7sfgPeQ==
